
Microsoft Visual Studio Solution File, Format Version 12.00
# Visual Studio Version 17
VisualStudioVersion = 17.14.36518.9 d17.14
MinimumVisualStudioVersion = 10.0.40219.1
Project("{FAE04EC0-301F-11D3-BF4B-00C04F79EFBC}") = "Sistema_Registro_Alumnos", "Sistema_Registro_Alumnos.csproj", "{7CC15A4E-F3FE-4185-AE09-4849990E408A}"
EndProject
Global
	GlobalSection(SolutionConfigurationPlatforms) = preSolution
		Debug|Any CPU = Debug|Any CPU
		Release|Any CPU = Release|Any CPU
	EndGlobalSection
	GlobalSection(ProjectConfigurationPlatforms) = postSolution
		{7CC15A4E-F3FE-4185-AE09-4849990E408A}.Debug|Any CPU.ActiveCfg = Debug|Any CPU
		{7CC15A4E-F3FE-4185-AE09-4849990E408A}.Debug|Any CPU.Build.0 = Debug|Any CPU
		{7CC15A4E-F3FE-4185-AE09-4849990E408A}.Release|Any CPU.ActiveCfg = Release|Any CPU
		{7CC15A4E-F3FE-4185-AE09-4849990E408A}.Release|Any CPU.Build.0 = Release|Any CPU
	EndGlobalSection
	GlobalSection(SolutionProperties) = preSolution
		HideSolutionNode = FALSE
	EndGlobalSection
	GlobalSection(ExtensibilityGlobals) = postSolution
		SolutionGuid = {522C7A22-18D9-4155-8969-56E0EBEBB930}
	EndGlobalSection
EndGlobal
